
Microsoft Visual Studio Solution File, Format Version 12.00
# Visual Studio Version 17
VisualStudioVersion = 17.7.34202.233
MinimumVisualStudioVersion = 10.0.40219.1
Project("{FAE04EC0-301F-11D3-BF4B-00C04F79EFBC}") = "TremBaum", "TremBaum\TremBaum.csproj", "{4560FEAA-4AD8-48E6-83F3-93EAFB501F98}"
EndProject
Global
	GlobalSection(SolutionConfigurationPlatforms) = preSolution
		Debug|Any CPU = Debug|Any CPU
		Release|Any CPU = Release|Any CPU
	EndGlobalSection
	GlobalSection(ProjectConfigurationPlatforms) = postSolution
		{4560FEAA-4AD8-48E6-83F3-93EAFB501F98}.Debug|Any CPU.ActiveCfg = Debug|Any CPU
		{4560FEAA-4AD8-48E6-83F3-93EAFB501F98}.Debug|Any CPU.Build.0 = Debug|Any CPU
		{4560FEAA-4AD8-48E6-83F3-93EAFB501F98}.Release|Any CPU.ActiveCfg = Release|Any CPU
		{4560FEAA-4AD8-48E6-83F3-93EAFB501F98}.Release|Any CPU.Build.0 = Release|Any CPU
	EndGlobalSection
	GlobalSection(SolutionProperties) = preSolution
		HideSolutionNode = FALSE
	EndGlobalSection
	GlobalSection(ExtensibilityGlobals) = postSolution
		SolutionGuid = {013D921B-52F9-4924-BFAC-E320EC1064EC}
	EndGlobalSection
EndGlobal
